
Microsoft Visual Studio Solution File, Format Version 12.00
# Visual Studio Version 17
VisualStudioVersion = 17.3.32929.385
MinimumVisualStudioVersion = 10.0.40219.1
Project("{9A19103F-16F7-4668-BE54-9A1E7A4F7556}") = "Book.RazorPage", "Book.RazorPage\Book.RazorPage.csproj", "{C62776CC-BF9A-402B-ACD6-29012916323D}"
EndProject
Global
	GlobalSection(SolutionConfigurationPlatforms) = preSolution
		Debug|Any CPU = Debug|Any CPU
		Release|Any CPU = Release|Any CPU
	EndGlobalSection
	GlobalSection(ProjectConfigurationPlatforms) = postSolution
		{C62776CC-BF9A-402B-ACD6-29012916323D}.Debug|Any CPU.ActiveCfg = Debug|Any CPU
		{C62776CC-BF9A-402B-ACD6-29012916323D}.Debug|Any CPU.Build.0 = Debug|Any CPU
		{C62776CC-BF9A-402B-ACD6-29012916323D}.Release|Any CPU.ActiveCfg = Release|Any CPU
		{C62776CC-BF9A-402B-ACD6-29012916323D}.Release|Any CPU.Build.0 = Release|Any CPU
	EndGlobalSection
	GlobalSection(SolutionProperties) = preSolution
		HideSolutionNode = FALSE
	EndGlobalSection
	GlobalSection(ExtensibilityGlobals) = postSolution
		SolutionGuid = {DE6F9CAD-F739-4896-A250-90FA10DE821A}
	EndGlobalSection
EndGlobal
